// !$*UTF8*$!
{
	archiveVersion = 1;
	classes = {
	};
	objectVersion = 50;
	objects = {

/* Begin PBXBuildFile section */
		4738C56A216E8676001623C4 /* AppDelegate.swift in Sources */ = {isa = PBXBuildFile; fileRef = 4738C569216E8676001623C4 /* AppDelegate.swift */; };
		4738C56F216E8676001623C4 /* Main.storyboard in Resources */ = {isa = PBXBuildFile; fileRef = 4738C56D216E8676001623C4 /* Main.storyboard */; };
		4738C571216E8678001623C4 /* Assets.xcassets in Resources */ = {isa = PBXBuildFile; fileRef = 4738C570216E8678001623C4 /* Assets.xcassets */; };
		4738C574216E8678001623C4 /* LaunchScreen.storyboard in Resources */ = {isa = PBXBuildFile; fileRef = 4738C572216E8678001623C4 /* LaunchScreen.storyboard */; };
		4738C57D216EAC2D001623C4 /* TaskListTableViewController.swift in Sources */ = {isa = PBXBuildFile; fileRef = 4738C57C216EAC2D001623C4 /* TaskListTableViewController.swift */; };
		4738C584216EAE6D001623C4 /* TaskDetailTableViewController.swift in Sources */ = {isa = PBXBuildFile; fileRef = 4738C583216EAE6D001623C4 /* TaskDetailTableViewController.swift */; };
		4738C586216EAEED001623C4 /* CoreDataStack.swift in Sources */ = {isa = PBXBuildFile; fileRef = 4738C585216EAEED001623C4 /* CoreDataStack.swift */; };
		4738C589216EAF5D001623C4 /* Task_iOS22.xcdatamodeld in Sources */ = {isa = PBXBuildFile; fileRef = 4738C587216EAF5D001623C4 /* Task_iOS22.xcdatamodeld */; };
		4738C58B216EB05E001623C4 /* Task+Convenience.swift..swift in Sources */ = {isa = PBXBuildFile; fileRef = 4738C58A216EB05E001623C4 /* Task+Convenience.swift..swift */; };
		4738C58D216EB1C4001623C4 /* TaskController.swift in Sources */ = {isa = PBXBuildFile; fileRef = 4738C58C216EB1C4001623C4 /* TaskController.swift */; };
		4738C58F216EB75D001623C4 /* ButtonTableViewCell.swift in Sources */ = {isa = PBXBuildFile; fileRef = 4738C58E216EB75D001623C4 /* ButtonTableViewCell.swift */; };
		47A7D51F216FF68300874D31 /* DateHelper.swift in Sources */ = {isa = PBXBuildFile; fileRef = 47A7D51E216FF68300874D31 /* DateHelper.swift */; };
		47B4C55721704B540018A4EA /* TaskList_UI_Extension.swift in Sources */ = {isa = PBXBuildFile; fileRef = 47B4C55621704B540018A4EA /* TaskList_UI_Extension.swift */; };
		47B4C55921704C290018A4EA /* ListDetail.UI_Extension.swift in Sources */ = {isa = PBXBuildFile; fileRef = 47B4C55821704C290018A4EA /* ListDetail.UI_Extension.swift */; };
		47B4C55B21704C690018A4EA /* ButtonCell_UI_Extension.swift in Sources */ = {isa = PBXBuildFile; fileRef = 47B4C55A21704C690018A4EA /* ButtonCell_UI_Extension.swift */; };
/* End PBXBuildFile section */

/* Begin PBXFileReference section */
		4738C566216E8676001623C4 /* Task_iOS22.app */ = {isa = PBXFileReference; explicitFileType = wrapper.application; includeInIndex = 0; path = Task_iOS22.app; sourceTree = BUILT_PRODUCTS_DIR; };
		4738C569216E8676001623C4 /* AppDelegate.swift */ = {isa = PBXFileReference; lastKnownFileType = sourcecode.swift; path = AppDelegate.swift; sourceTree = "<group>"; };
		4738C56E216E8676001623C4 /* Base */ = {isa = PBXFileReference; lastKnownFileType = file.storyboard; name = Base; path = Base.lproj/Main.storyboard; sourceTree = "<group>"; };
		4738C570216E8678001623C4 /* Assets.xcassets */ = {isa = PBXFileReference; lastKnownFileType = folder.assetcatalog; path = Assets.xcassets; sourceTree = "<group>"; };
		4738C573216E8678001623C4 /* Base */ = {isa = PBXFileReference; lastKnownFileType = file.storyboard; name = Base; path = Base.lproj/LaunchScreen.storyboard; sourceTree = "<group>"; };
		4738C575216E8678001623C4 /* Info.plist */ = {isa = PBXFileReference; lastKnownFileType = text.plist.xml; path = Info.plist; sourceTree = "<group>"; };
		4738C57C216EAC2D001623C4 /* TaskListTableViewController.swift */ = {isa = PBXFileReference; lastKnownFileType = sourcecode.swift; path = TaskListTableViewController.swift; sourceTree = "<group>"; };
		4738C583216EAE6D001623C4 /* TaskDetailTableViewController.swift */ = {isa = PBXFileReference; lastKnownFileType = sourcecode.swift; name = TaskDetailTableViewController.swift; path = Task_iOS22/ViewControllers/TaskDetailTableViewController.swift; sourceTree = SOURCE_ROOT; };
		4738C585216EAEED001623C4 /* CoreDataStack.swift */ = {isa = PBXFileReference; lastKnownFileType = sourcecode.swift; path = CoreDataStack.swift; sourceTree = "<group>"; };
		4738C588216EAF5D001623C4 /* Task_iOS22.xcdatamodel */ = {isa = PBXFileReference; lastKnownFileType = wrapper.xcdatamodel; path = Task_iOS22.xcdatamodel; sourceTree = "<group>"; };
		4738C58A216EB05E001623C4 /* Task+Convenience.swift..swift */ = {isa = PBXFileReference; lastKnownFileType = sourcecode.swift; path = "Task+Convenience.swift..swift"; sourceTree = "<group>"; };
		4738C58C216EB1C4001623C4 /* TaskController.swift */ = {isa = PBXFileReference; lastKnownFileType = sourcecode.swift; path = TaskController.swift; sourceTree = "<group>"; };
		4738C58E216EB75D001623C4 /* ButtonTableViewCell.swift */ = {isa = PBXFileReference; lastKnownFileType = sourcecode.swift; path = ButtonTableViewCell.swift; sourceTree = "<group>"; };
		47A7D51E216FF68300874D31 /* DateHelper.swift */ = {isa = PBXFileReference; lastKnownFileType = sourcecode.swift; path = DateHelper.swift; sourceTree = "<group>"; };
		47B4C55621704B540018A4EA /* TaskList_UI_Extension.swift */ = {isa = PBXFileReference; lastKnownFileType = sourcecode.swift; path = TaskList_UI_Extension.swift; sourceTree = "<group>"; };
		47B4C55821704C290018A4EA /* ListDetail.UI_Extension.swift */ = {isa = PBXFileReference; lastKnownFileType = sourcecode.swift; path = ListDetail.UI_Extension.swift; sourceTree = "<group>"; };
		47B4C55A21704C690018A4EA /* ButtonCell_UI_Extension.swift */ = {isa = PBXFileReference; lastKnownFileType = sourcecode.swift; path = ButtonCell_UI_Extension.swift; sourceTree = "<group>"; };
/* End PBXFileReference section */

/* Begin PBXFrameworksBuildPhase section */
		4738C563216E8676001623C4 /* Frameworks */ = {
			isa = PBXFrameworksBuildPhase;
			buildActionMask = 2147483647;
			files = (
			);
			runOnlyForDeploymentPostprocessing = 0;
		};
/* End PBXFrameworksBuildPhase section */

/* Begin PBXGroup section */
		4738C55D216E8676001623C4 = {
			isa = PBXGroup;
			children = (
				4738C568216E8676001623C4 /* Task_iOS22 */,
				4738C567216E8676001623C4 /* Products */,
			);
			sourceTree = "<group>";
		};
		4738C567216E8676001623C4 /* Products */ = {
			isa = PBXGroup;
			children = (
				4738C566216E8676001623C4 /* Task_iOS22.app */,
			);
			name = Products;
			sourceTree = "<group>";
		};
		4738C568216E8676001623C4 /* Task_iOS22 */ = {
			isa = PBXGroup;
			children = (
				47A7D520216FF69100874D31 /* Extensions */,
				4738C57E216EAC37001623C4 /* UI_Extensions */,
				4738C581216EAC64001623C4 /* StoryBoards */,
				4738C590216EBF24001623C4 /* ModelController */,
				4738C580216EAC50001623C4 /* Model */,
				4738C57F216EAC3E001623C4 /* View */,
				4738C57B216EAC05001623C4 /* ViewControllers */,
				4738C582216EAC7A001623C4 /* Resources */,
			);
			path = Task_iOS22;
			sourceTree = "<group>";
		};
		4738C57B216EAC05001623C4 /* ViewControllers */ = {
			isa = PBXGroup;
			children = (
				4738C583216EAE6D001623C4 /* TaskDetailTableViewController.swift */,
				4738C57C216EAC2D001623C4 /* TaskListTableViewController.swift */,
			);
			path = ViewControllers;
			sourceTree = "<group>";
		};
		4738C57E216EAC37001623C4 /* UI_Extensions */ = {
			isa = PBXGroup;
			children = (
				47B4C55A21704C690018A4EA /* ButtonCell_UI_Extension.swift */,
				47B4C55621704B540018A4EA /* TaskList_UI_Extension.swift */,
				47B4C55821704C290018A4EA /* ListDetail.UI_Extension.swift */,
			);
			path = UI_Extensions;
			sourceTree = "<group>";
		};
		4738C57F216EAC3E001623C4 /* View */ = {
			isa = PBXGroup;
			children = (
				4738C58E216EB75D001623C4 /* ButtonTableViewCell.swift */,
			);
			path = View;
			sourceTree = "<group>";
		};
		4738C580216EAC50001623C4 /* Model */ = {
			isa = PBXGroup;
			children = (
				4738C587216EAF5D001623C4 /* Task_iOS22.xcdatamodeld */,
				4738C585216EAEED001623C4 /* CoreDataStack.swift */,
				4738C58A216EB05E001623C4 /* Task+Convenience.swift..swift */,
			);
			path = Model;
			sourceTree = "<group>";
		};
		4738C581216EAC64001623C4 /* StoryBoards */ = {
			isa = PBXGroup;
			children = (
				4738C56D216E8676001623C4 /* Main.storyboard */,
				4738C572216E8678001623C4 /* LaunchScreen.storyboard */,
			);
			path = StoryBoards;
			sourceTree = "<group>";
		};
		4738C582216EAC7A001623C4 /* Resources */ = {
			isa = PBXGroup;
			children = (
				4738C569216E8676001623C4 /* AppDelegate.swift */,
				4738C570216E8678001623C4 /* Assets.xcassets */,
				4738C575216E8678001623C4 /* Info.plist */,
			);
			path = Resources;
			sourceTree = "<group>";
		};
		4738C590216EBF24001623C4 /* ModelController */ = {
			isa = PBXGroup;
			children = (
				4738C58C216EB1C4001623C4 /* TaskController.swift */,
			);
			name = ModelController;
			path = "New Group";
			sourceTree = "<group>";
		};
		47A7D520216FF69100874D31 /* Extensions */ = {
			isa = PBXGroup;
			children = (
				47A7D51E216FF68300874D31 /* DateHelper.swift */,
			);
			path = Extensions;
			sourceTree = "<group>";
		};
/* End PBXGroup section */

/* Begin PBXNativeTarget section */
		4738C565216E8676001623C4 /* Task_iOS22 */ = {
			isa = PBXNativeTarget;
			buildConfigurationList = 4738C578216E8678001623C4 /* Build configuration list for PBXNativeTarget "Task_iOS22" */;
			buildPhases = (
				4738C562216E8676001623C4 /* Sources */,
				4738C563216E8676001623C4 /* Frameworks */,
				4738C564216E8676001623C4 /* Resources */,
			);
			buildRules = (
			);
			dependencies = (
			);
			name = Task_iOS22;
			productName = Task_iOS22;
			productReference = 4738C566216E8676001623C4 /* Task_iOS22.app */;
			productType = "com.apple.product-type.application";
		};
/* End PBXNativeTarget section */

/* Begin PBXProject section */
		4738C55E216E8676001623C4 /* Project object */ = {
			isa = PBXProject;
			attributes = {
				LastSwiftUpdateCheck = 1000;
				LastUpgradeCheck = 1000;
				ORGANIZATIONNAME = ramcomw;
				TargetAttributes = {
					4738C565216E8676001623C4 = {
						CreatedOnToolsVersion = 10.0;
					};
				};
			};
			buildConfigurationList = 4738C561216E8676001623C4 /* Build configuration list for PBXProject "Task_iOS22" */;
			compatibilityVersion = "Xcode 9.3";
			developmentRegion = en;
			hasScannedForEncodings = 0;
			knownRegions = (
				en,
				Base,
			);
			mainGroup = 4738C55D216E8676001623C4;
			productRefGroup = 4738C567216E8676001623C4 /* Products */;
			projectDirPath = "";
			projectRoot = "";
			targets = (
				4738C565216E8676001623C4 /* Task_iOS22 */,
			);
		};
/* End PBXProject section */

/* Begin PBXResourcesBuildPhase section */
		4738C564216E8676001623C4 /* Resources */ = {
			isa = PBXResourcesBuildPhase;
			buildActionMask = 2147483647;
			files = (
				4738C574216E8678001623C4 /* LaunchScreen.storyboard in Resources */,
				4738C571216E8678001623C4 /* Assets.xcassets in Resources */,
				4738C56F216E8676001623C4 /* Main.storyboard in Resources */,
			);
			runOnlyForDeploymentPostprocessing = 0;
		};
/* End PBXResourcesBuildPhase section */

/* Begin PBXSourcesBuildPhase section */
		4738C562216E8676001623C4 /* Sources */ = {
			isa = PBXSourcesBuildPhase;
			buildActionMask = 2147483647;
			files = (
				4738C58D216EB1C4001623C4 /* TaskController.swift in Sources */,
				4738C589216EAF5D001623C4 /* Task_iOS22.xcdatamodeld in Sources */,
				4738C57D216EAC2D001623C4 /* TaskListTableViewController.swift in Sources */,
				4738C58F216EB75D001623C4 /* ButtonTableViewCell.swift in Sources */,
				4738C56A216E8676001623C4 /* AppDelegate.swift in Sources */,
				4738C584216EAE6D001623C4 /* TaskDetailTableViewController.swift in Sources */,
				47B4C55721704B540018A4EA /* TaskList_UI_Extension.swift in Sources */,
				47A7D51F216FF68300874D31 /* DateHelper.swift in Sources */,
				4738C58B216EB05E001623C4 /* Task+Convenience.swift..swift in Sources */,
				47B4C55B21704C690018A4EA /* ButtonCell_UI_Extension.swift in Sources */,
				47B4C55921704C290018A4EA /* ListDetail.UI_Extension.swift in Sources */,
				4738C586216EAEED001623C4 /* CoreDataStack.swift in Sources */,
			);
			runOnlyForDeploymentPostprocessing = 0;
		};
/* End PBXSourcesBuildPhase section */

/* Begin PBXVariantGroup section */
		4738C56D216E8676001623C4 /* Main.storyboard */ = {
			isa = PBXVariantGroup;
			children = (
				4738C56E216E8676001623C4 /* Base */,
			);
			name = Main.storyboard;
			sourceTree = "<group>";
		};
		4738C572216E8678001623C4 /* LaunchScreen.storyboard */ = {
			isa = PBXVariantGroup;
			children = (
				4738C573216E8678001623C4 /* Base */,
			);
			name = LaunchScreen.storyboard;
			sourceTree = "<group>";
		};
/* End PBXVariantGroup section */

/* Begin XCBuildConfiguration section */
		4738C576216E8678001623C4 /* Debug */ = {
			isa = XCBuildConfiguration;
			buildSettings = {
				ALWAYS_SEARCH_USER_PATHS = NO;
				CLANG_ANALYZER_NONNULL = YES;
				CLANG_ANALYZER_NUMBER_OBJECT_CONVERSION = YES_AGGRESSIVE;
				CLANG_CXX_LANGUAGE_STANDARD = "gnu++14";
				CLANG_CXX_LIBRARY = "libc++";
				CLANG_ENABLE_MODULES = YES;
				CLANG_ENABLE_OBJC_ARC = YES;
				CLANG_ENABLE_OBJC_WEAK = YES;
				CLANG_WARN_BLOCK_CAPTURE_AUTORELEASING = YES;
				CLANG_WARN_BOOL_CONVERSION = YES;
				CLANG_WARN_COMMA = YES;
				CLANG_WARN_CONSTANT_CONVERSION = YES;
				CLANG_WARN_DEPRECATED_OBJC_IMPLEMENTATIONS = YES;
				CLANG_WARN_DIRECT_OBJC_ISA_USAGE = YES_ERROR;
				CLANG_WARN_DOCUMENTATION_COMMENTS = YES;
				CLANG_WARN_EMPTY_BODY = YES;
				CLANG_WARN_ENUM_CONVERSION = YES;
				CLANG_WARN_INFINITE_RECURSION = YES;
				CLANG_WARN_INT_CONVERSION = YES;
				CLANG_WARN_NON_LITERAL_NULL_CONVERSION = YES;
				CLANG_WARN_OBJC_IMPLICIT_RETAIN_SELF = YES;
				CLANG_WARN_OBJC_LITERAL_CONVERSION = YES;
				CLANG_WARN_OBJC_ROOT_CLASS = YES_ERROR;
				CLANG_WARN_RANGE_LOOP_ANALYSIS = YES;
				CLANG_WARN_STRICT_PROTOTYPES = YES;
				CLANG_WARN_SUSPICIOUS_MOVE = YES;
				CLANG_WARN_UNGUARDED_AVAILABILITY = YES_AGGRESSIVE;
				CLANG_WARN_UNREACHABLE_CODE = YES;
				CLANG_WARN__DUPLICATE_METHOD_MATCH = YES;
				CODE_SIGN_IDENTITY = "iPhone Developer";
				COPY_PHASE_STRIP = NO;
				DEBUG_INFORMATION_FORMAT = dwarf;
				ENABLE_STRICT_OBJC_MSGSEND = YES;
				ENABLE_TESTABILITY = YES;
				GCC_C_LANGUAGE_STANDARD = gnu11;
				GCC_DYNAMIC_NO_PIC = NO;
				GCC_NO_COMMON_BLOCKS = YES;
				GCC_OPTIMIZATION_LEVEL = 0;
				GCC_PREPROCESSOR_DEFINITIONS = (
					"DEBUG=1",
					"$(inherited)",
				);
				GCC_WARN_64_TO_32_BIT_CONVERSION = YES;
				GCC_WARN_ABOUT_RETURN_TYPE = YES_ERROR;
				GCC_WARN_UNDECLARED_SELECTOR = YES;
				GCC_WARN_UNINITIALIZED_AUTOS = YES_AGGRESSIVE;
				GCC_WARN_UNUSED_FUNCTION = YES;
				GCC_WARN_UNUSED_VARIABLE = YES;
				IPHONEOS_DEPLOYMENT_TARGET = 12.0;
				MTL_ENABLE_DEBUG_INFO = INCLUDE_SOURCE;
				MTL_FAST_MATH = YES;
				ONLY_ACTIVE_ARCH = YES;
				SDKROOT = iphoneos;
				SWIFT_ACTIVE_COMPILATION_CONDITIONS = DEBUG;
				SWIFT_OPTIMIZATION_LEVEL = "-Onone";
			};
			name = Debug;
		};
		4738C577216E8678001623C4 /* Release */ = {
			isa = XCBuildConfiguration;
			buildSettings = {
				ALWAYS_SEARCH_USER_PATHS = NO;
				CLANG_ANALYZER_NONNULL = YES;
				CLANG_ANALYZER_NUMBER_OBJECT_CONVERSION = YES_AGGRESSIVE;
				CLANG_CXX_LANGUAGE_STANDARD = "gnu++14";
				CLANG_CXX_LIBRARY = "libc++";
				CLANG_ENABLE_MODULES = YES;
				CLANG_ENABLE_OBJC_ARC = YES;
				CLANG_ENABLE_OBJC_WEAK = YES;
				CLANG_WARN_BLOCK_CAPTURE_AUTORELEASING = YES;
				CLANG_WARN_BOOL_CONVERSION = YES;
				CLANG_WARN_COMMA = YES;
				CLANG_WARN_CONSTANT_CONVERSION = YES;
				CLANG_WARN_DEPRECATED_OBJC_IMPLEMENTATIONS = YES;
				CLANG_WARN_DIRECT_OBJC_ISA_USAGE = YES_ERROR;
				CLANG_WARN_DOCUMENTATION_COMMENTS = YES;
				CLANG_WARN_EMPTY_BODY = YES;
				CLANG_WARN_ENUM_CONVERSION = YES;
				CLANG_WARN_INFINITE_RECURSION = YES;
				CLANG_WARN_INT_CONVERSION = YES;
				CLANG_WARN_NON_LITERAL_NULL_CONVERSION = YES;
				CLANG_WARN_OBJC_IMPLICIT_RETAIN_SELF = YES;
				CLANG_WARN_OBJC_LITERAL_CONVERSION = YES;
				CLANG_WARN_OBJC_ROOT_CLASS = YES_ERROR;
				CLANG_WARN_RANGE_LOOP_ANALYSIS = YES;
				CLANG_WARN_STRICT_PROTOTYPES = YES;
				CLANG_WARN_SUSPICIOUS_MOVE = YES;
				CLANG_WARN_UNGUARDED_AVAILABILITY = YES_AGGRESSIVE;
				CLANG_WARN_UNREACHABLE_CODE = YES;
				CLANG_WARN__DUPLICATE_METHOD_MATCH = YES;
				CODE_SIGN_IDENTITY = "iPhone Developer";
				COPY_PHASE_STRIP = NO;
				DEBUG_INFORMATION_FORMAT = "dwarf-with-dsym";
				ENABLE_NS_ASSERTIONS = NO;
				ENABLE_STRICT_OBJC_MSGSEND = YES;
				GCC_C_LANGUAGE_STANDARD = gnu11;
				GCC_NO_COMMON_BLOCKS = YES;
				GCC_WARN_64_TO_32_BIT_CONVERSION = YES;
				GCC_WARN_ABOUT_RETURN_TYPE = YES_ERROR;
				GCC_WARN_UNDECLARED_SELECTOR = YES;
				GCC_WARN_UNINITIALIZED_AUTOS = YES_AGGRESSIVE;
				GCC_WARN_UNUSED_FUNCTION = YES;
				GCC_WARN_UNUSED_VARIABLE = YES;
				IPHONEOS_DEPLOYMENT_TARGET = 12.0;
				MTL_ENABLE_DEBUG_INFO = NO;
				MTL_FAST_MATH = YES;
				SDKROOT = iphoneos;
				SWIFT_COMPILATION_MODE = wholemodule;
				SWIFT_OPTIMIZATION_LEVEL = "-O";
				VALIDATE_PRODUCT = YES;
			};
			name = Release;
		};
		4738C579216E8678001623C4 /* Debug */ = {
			isa = XCBuildConfiguration;
			buildSettings = {
				ASSETCATALOG_COMPILER_APPICON_NAME = AppIcon;
				CODE_SIGN_STYLE = Automatic;
				DEVELOPMENT_TEAM = L7AYJDAX2C;
				INFOPLIST_FILE = "$(SRCROOT)/Task_iOS22/Resources/Info.plist";
				LD_RUNPATH_SEARCH_PATHS = (
					"$(inherited)",
					"@executable_path/Frameworks",
				);
				PRODUCT_BUNDLE_IDENTIFIER = "com.ramcomw.i2v.Task-iOS22";
				PRODUCT_NAME = "$(TARGET_NAME)";
				SWIFT_VERSION = 4.2;
				TARGETED_DEVICE_FAMILY = "1,2";
			};
			name = Debug;
		};
		4738C57A216E8678001623C4 /* Release */ = {
			isa = XCBuildConfiguration;
			buildSettings = {
				ASSETCATALOG_COMPILER_APPICON_NAME = AppIcon;
				CODE_SIGN_STYLE = Automatic;
				DEVELOPMENT_TEAM = L7AYJDAX2C;
				INFOPLIST_FILE = "$(SRCROOT)/Task_iOS22/Resources/Info.plist";
				LD_RUNPATH_SEARCH_PATHS = (
					"$(inherited)",
					"@executable_path/Frameworks",
				);
				PRODUCT_BUNDLE_IDENTIFIER = "com.ramcomw.i2v.Task-iOS22";
				PRODUCT_NAME = "$(TARGET_NAME)";
				SWIFT_VERSION = 4.2;
				TARGETED_DEVICE_FAMILY = "1,2";
			};
			name = Release;
		};
/* End XCBuildConfiguration section */

/* Begin XCConfigurationList section */
		4738C561216E8676001623C4 /* Build configuration list for PBXProject "Task_iOS22" */ = {
			isa = XCConfigurationList;
			buildConfigurations = (
				4738C576216E8678001623C4 /* Debug */,
				4738C577216E8678001623C4 /* Release */,
			);
			defaultConfigurationIsVisible = 0;
			defaultConfigurationName = Release;
		};
		4738C578216E8678001623C4 /* Build configuration list for PBXNativeTarget "Task_iOS22" */ = {
			isa = XCConfigurationList;
			buildConfigurations = (
				4738C579216E8678001623C4 /* Debug */,
				4738C57A216E8678001623C4 /* Release */,
			);
			defaultConfigurationIsVisible = 0;
			defaultConfigurationName = Release;
		};
/* End XCConfigurationList section */

/* Begin XCVersionGroup section */
		4738C587216EAF5D001623C4 /* Task_iOS22.xcdatamodeld */ = {
			isa = XCVersionGroup;
			children = (
				4738C588216EAF5D001623C4 /* Task_iOS22.xcdatamodel */,
			);
			currentVersion = 4738C588216EAF5D001623C4 /* Task_iOS22.xcdatamodel */;
			path = Task_iOS22.xcdatamodeld;
			sourceTree = "<group>";
			versionGroupType = wrapper.xcdatamodel;
		};
/* End XCVersionGroup section */
	};
	rootObject = 4738C55E216E8676001623C4 /* Project object */;
}
